// !$*UTF8*$!
{
	archiveVersion = 1;
	classes = {
	};
	objectVersion = 48;
	objects = {

/* Begin PBXBuildFile section */
		096B165F1FA8CD6F00CCE6F3 /* AppDelegate.m in Sources */ = {isa = PBXBuildFile; fileRef = 096B165E1FA8CD6F00CCE6F3 /* AppDelegate.m */; };
		096B16621FA8CD6F00CCE6F3 /* ViewController.m in Sources */ = {isa = PBXBuildFile; fileRef = 096B16611FA8CD6F00CCE6F3 /* ViewController.m */; };
		096B16651FA8CD6F00CCE6F3 /* Main.storyboard in Resources */ = {isa = PBXBuildFile; fileRef = 096B16631FA8CD6F00CCE6F3 /* Main.storyboard */; };
		096B16671FA8CD6F00CCE6F3 /* Assets.xcassets in Resources */ = {isa = PBXBuildFile; fileRef = 096B16661FA8CD6F00CCE6F3 /* Assets.xcassets */; };
		096B166A1FA8CD6F00CCE6F3 /* LaunchScreen.storyboard in Resources */ = {isa = PBXBuildFile; fileRef = 096B16681FA8CD6F00CCE6F3 /* LaunchScreen.storyboard */; };
		096B166D1FA8CD6F00CCE6F3 /* main.m in Sources */ = {isa = PBXBuildFile; fileRef = 096B166C1FA8CD6F00CCE6F3 /* main.m */; };
		096B16771FA8CD6F00CCE6F3 /* WyhCornerRadiusTests.m in Sources */ = {isa = PBXBuildFile; fileRef = 096B16761FA8CD6F00CCE6F3 /* WyhCornerRadiusTests.m */; };
		096B16821FA8CD6F00CCE6F3 /* WyhCornerRadiusUITests.m in Sources */ = {isa = PBXBuildFile; fileRef = 096B16811FA8CD6F00CCE6F3 /* WyhCornerRadiusUITests.m */; };
		096B16981FA8CDA600CCE6F3 /* UIImage+wyhRadius.m in Sources */ = {isa = PBXBuildFile; fileRef = 096B16911FA8CDA600CCE6F3 /* UIImage+wyhRadius.m */; };
		096B16991FA8CDA600CCE6F3 /* UIImageView+wyhRadius.m in Sources */ = {isa = PBXBuildFile; fileRef = 096B16931FA8CDA600CCE6F3 /* UIImageView+wyhRadius.m */; };
		096B169A1FA8CDA600CCE6F3 /* UIView+wyhRadius.m in Sources */ = {isa = PBXBuildFile; fileRef = 096B16951FA8CDA600CCE6F3 /* UIView+wyhRadius.m */; };
		0992AFB11FACAF5300D9042F /* WyhDemoListVC.m in Sources */ = {isa = PBXBuildFile; fileRef = 0992AFB01FACAF5300D9042F /* WyhDemoListVC.m */; };
		099792E11FA9FDA600F964E5 /* WyhDemoBaseVC.m in Sources */ = {isa = PBXBuildFile; fileRef = 099792E01FA9FDA600F964E5 /* WyhDemoBaseVC.m */; };
		099792E81FAA011500F964E5 /* WyhImageViewDemoVC.m in Sources */ = {isa = PBXBuildFile; fileRef = 099792E71FAA011500F964E5 /* WyhImageViewDemoVC.m */; };
		099792EE1FAA013C00F964E5 /* WyhImageViewDemoCell.m in Sources */ = {isa = PBXBuildFile; fileRef = 099792ED1FAA013C00F964E5 /* WyhImageViewDemoCell.m */; };
		099793391FAA066300F964E5 /* NSData+ImageContentType.m in Sources */ = {isa = PBXBuildFile; fileRef = 0997931D1FAA066300F964E5 /* NSData+ImageContentType.m */; };
		0997933A1FAA066300F964E5 /* SDImageCache.m in Sources */ = {isa = PBXBuildFile; fileRef = 0997931F1FAA066300F964E5 /* SDImageCache.m */; };
		0997933B1FAA066300F964E5 /* SDWebImageCompat.m in Sources */ = {isa = PBXBuildFile; fileRef = 099793211FAA066300F964E5 /* SDWebImageCompat.m */; };
		0997933C1FAA066300F964E5 /* SDWebImageDecoder.m in Sources */ = {isa = PBXBuildFile; fileRef = 099793231FAA066300F964E5 /* SDWebImageDecoder.m */; };
		0997933D1FAA066300F964E5 /* SDWebImageDownloader.m in Sources */ = {isa = PBXBuildFile; fileRef = 099793251FAA066300F964E5 /* SDWebImageDownloader.m */; };
		0997933E1FAA066300F964E5 /* SDWebImageDownloaderOperation.m in Sources */ = {isa = PBXBuildFile; fileRef = 099793271FAA066300F964E5 /* SDWebImageDownloaderOperation.m */; };
		0997933F1FAA066300F964E5 /* SDWebImageManager.m in Sources */ = {isa = PBXBuildFile; fileRef = 099793291FAA066300F964E5 /* SDWebImageManager.m */; };
		099793401FAA066300F964E5 /* SDWebImagePrefetcher.m in Sources */ = {isa = PBXBuildFile; fileRef = 0997932C1FAA066300F964E5 /* SDWebImagePrefetcher.m */; };
		099793411FAA066300F964E5 /* UIButton+WebCache.m in Sources */ = {isa = PBXBuildFile; fileRef = 0997932E1FAA066300F964E5 /* UIButton+WebCache.m */; };
		099793421FAA066300F964E5 /* UIImage+GIF.m in Sources */ = {isa = PBXBuildFile; fileRef = 099793301FAA066300F964E5 /* UIImage+GIF.m */; };
		099793431FAA066300F964E5 /* UIImage+MultiFormat.m in Sources */ = {isa = PBXBuildFile; fileRef = 099793321FAA066300F964E5 /* UIImage+MultiFormat.m */; };
		099793441FAA066300F964E5 /* UIImageView+HighlightedWebCache.m in Sources */ = {isa = PBXBuildFile; fileRef = 099793341FAA066300F964E5 /* UIImageView+HighlightedWebCache.m */; };
		099793451FAA066300F964E5 /* UIImageView+WebCache.m in Sources */ = {isa = PBXBuildFile; fileRef = 099793361FAA066300F964E5 /* UIImageView+WebCache.m */; };
		099793461FAA066300F964E5 /* UIView+WebCacheOperation.m in Sources */ = {isa = PBXBuildFile; fileRef = 099793381FAA066300F964E5 /* UIView+WebCacheOperation.m */; };
		09F126511FA9970400EA82F7 /* WyhDemoBaseCell.m in Sources */ = {isa = PBXBuildFile; fileRef = 09F126501FA9970400EA82F7 /* WyhDemoBaseCell.m */; };
/* End PBXBuildFile section */

/* Begin PBXContainerItemProxy section */
		096B16731FA8CD6F00CCE6F3 /* PBXContainerItemProxy */ = {
			isa = PBXContainerItemProxy;
			containerPortal = 096B16521FA8CD6F00CCE6F3 /* Project object */;
			proxyType = 1;
			remoteGlobalIDString = 096B16591FA8CD6F00CCE6F3;
			remoteInfo = WyhCornerRadius;
		};
		096B167E1FA8CD6F00CCE6F3 /* PBXContainerItemProxy */ = {
			isa = PBXContainerItemProxy;
			containerPortal = 096B16521FA8CD6F00CCE6F3 /* Project object */;
			proxyType = 1;
			remoteGlobalIDString = 096B16591FA8CD6F00CCE6F3;
			remoteInfo = WyhCornerRadius;
		};
/* End PBXContainerItemProxy section */

/* Begin PBXFileReference section */
		096B165A1FA8CD6F00CCE6F3 /* WyhCornerRadius.app */ = {isa = PBXFileReference; explicitFileType = wrapper.application; includeInIndex = 0; path = WyhCornerRadius.app; sourceTree = BUILT_PRODUCTS_DIR; };
		096B165D1FA8CD6F00CCE6F3 /* AppDelegate.h */ = {isa = PBXFileReference; lastKnownFileType = sourcecode.c.h; path = AppDelegate.h; sourceTree = "<group>"; };
		096B165E1FA8CD6F00CCE6F3 /* AppDelegate.m */ = {isa = PBXFileReference; lastKnownFileType = sourcecode.c.objc; path = AppDelegate.m; sourceTree = "<group>"; };
		096B16601FA8CD6F00CCE6F3 /* ViewController.h */ = {isa = PBXFileReference; lastKnownFileType = sourcecode.c.h; path = ViewController.h; sourceTree = "<group>"; };
		096B16611FA8CD6F00CCE6F3 /* ViewController.m */ = {isa = PBXFileReference; lastKnownFileType = sourcecode.c.objc; path = ViewController.m; sourceTree = "<group>"; };
		096B16641FA8CD6F00CCE6F3 /* Base */ = {isa = PBXFileReference; lastKnownFileType = file.storyboard; name = Base; path = Base.lproj/Main.storyboard; sourceTree = "<group>"; };
		096B16661FA8CD6F00CCE6F3 /* Assets.xcassets */ = {isa = PBXFileReference; lastKnownFileType = folder.assetcatalog; path = Assets.xcassets; sourceTree = "<group>"; };
		096B16691FA8CD6F00CCE6F3 /* Base */ = {isa = PBXFileReference; lastKnownFileType = file.storyboard; name = Base; path = Base.lproj/LaunchScreen.storyboard; sourceTree = "<group>"; };
		096B166B1FA8CD6F00CCE6F3 /* Info.plist */ = {isa = PBXFileReference; lastKnownFileType = text.plist.xml; path = Info.plist; sourceTree = "<group>"; };
		096B166C1FA8CD6F00CCE6F3 /* main.m */ = {isa = PBXFileReference; lastKnownFileType = sourcecode.c.objc; path = main.m; sourceTree = "<group>"; };
		096B16721FA8CD6F00CCE6F3 /* WyhCornerRadiusTests.xctest */ = {isa = PBXFileReference; explicitFileType = wrapper.cfbundle; includeInIndex = 0; path = WyhCornerRadiusTests.xctest; sourceTree = BUILT_PRODUCTS_DIR; };
		096B16761FA8CD6F00CCE6F3 /* WyhCornerRadiusTests.m */ = {isa = PBXFileReference; lastKnownFileType = sourcecode.c.objc; path = WyhCornerRadiusTests.m; sourceTree = "<group>"; };
		096B16781FA8CD6F00CCE6F3 /* Info.plist */ = {isa = PBXFileReference; lastKnownFileType = text.plist.xml; path = Info.plist; sourceTree = "<group>"; };
		096B167D1FA8CD6F00CCE6F3 /* WyhCornerRadiusUITests.xctest */ = {isa = PBXFileReference; explicitFileType = wrapper.cfbundle; includeInIndex = 0; path = WyhCornerRadiusUITests.xctest; sourceTree = BUILT_PRODUCTS_DIR; };
		096B16811FA8CD6F00CCE6F3 /* WyhCornerRadiusUITests.m */ = {isa = PBXFileReference; lastKnownFileType = sourcecode.c.objc; path = WyhCornerRadiusUITests.m; sourceTree = "<group>"; };
		096B16831FA8CD6F00CCE6F3 /* Info.plist */ = {isa = PBXFileReference; lastKnownFileType = text.plist.xml; path = Info.plist; sourceTree = "<group>"; };
		096B16901FA8CDA600CCE6F3 /* UIImage+wyhRadius.h */ = {isa = PBXFileReference; fileEncoding = 4; lastKnownFileType = sourcecode.c.h; path = "UIImage+wyhRadius.h"; sourceTree = "<group>"; };
		096B16911FA8CDA600CCE6F3 /* UIImage+wyhRadius.m */ = {isa = PBXFileReference; fileEncoding = 4; lastKnownFileType = sourcecode.c.objc; path = "UIImage+wyhRadius.m"; sourceTree = "<group>"; };
		096B16921FA8CDA600CCE6F3 /* UIImageView+wyhRadius.h */ = {isa = PBXFileReference; fileEncoding = 4; lastKnownFileType = sourcecode.c.h; path = "UIImageView+wyhRadius.h"; sourceTree = "<group>"; };
		096B16931FA8CDA600CCE6F3 /* UIImageView+wyhRadius.m */ = {isa = PBXFileReference; fileEncoding = 4; lastKnownFileType = sourcecode.c.objc; path = "UIImageView+wyhRadius.m"; sourceTree = "<group>"; };
		096B16941FA8CDA600CCE6F3 /* UIView+wyhRadius.h */ = {isa = PBXFileReference; fileEncoding = 4; lastKnownFileType = sourcecode.c.h; path = "UIView+wyhRadius.h"; sourceTree = "<group>"; };
		096B16951FA8CDA600CCE6F3 /* UIView+wyhRadius.m */ = {isa = PBXFileReference; fileEncoding = 4; lastKnownFileType = sourcecode.c.objc; path = "UIView+wyhRadius.m"; sourceTree = "<group>"; };
		096B16961FA8CDA600CCE6F3 /* wyhRadiusConst.h */ = {isa = PBXFileReference; fileEncoding = 4; lastKnownFileType = sourcecode.c.h; path = wyhRadiusConst.h; sourceTree = "<group>"; };
		096B16971FA8CDA600CCE6F3 /* wyhCornerRadius.h */ = {isa = PBXFileReference; fileEncoding = 4; lastKnownFileType = sourcecode.c.h; path = wyhCornerRadius.h; sourceTree = "<group>"; };
		0992AFAF1FACAF5300D9042F /* WyhDemoListVC.h */ = {isa = PBXFileReference; lastKnownFileType = sourcecode.c.h; path = WyhDemoListVC.h; sourceTree = "<group>"; };
		0992AFB01FACAF5300D9042F /* WyhDemoListVC.m */ = {isa = PBXFileReference; lastKnownFileType = sourcecode.c.objc; path = WyhDemoListVC.m; sourceTree = "<group>"; };
		099792DF1FA9FDA600F964E5 /* WyhDemoBaseVC.h */ = {isa = PBXFileReference; lastKnownFileType = sourcecode.c.h; path = WyhDemoBaseVC.h; sourceTree = "<group>"; };
		099792E01FA9FDA600F964E5 /* WyhDemoBaseVC.m */ = {isa = PBXFileReference; lastKnownFileType = sourcecode.c.objc; path = WyhDemoBaseVC.m; sourceTree = "<group>"; };
		099792E61FAA011500F964E5 /* WyhImageViewDemoVC.h */ = {isa = PBXFileReference; fileEncoding = 4; lastKnownFileType = sourcecode.c.h; path = WyhImageViewDemoVC.h; sourceTree = "<group>"; };
		099792E71FAA011500F964E5 /* WyhImageViewDemoVC.m */ = {isa = PBXFileReference; fileEncoding = 4; lastKnownFileType = sourcecode.c.objc; path = WyhImageViewDemoVC.m; sourceTree = "<group>"; };
		099792EC1FAA013C00F964E5 /* WyhImageViewDemoCell.h */ = {isa = PBXFileReference; lastKnownFileType = sourcecode.c.h; path = WyhImageViewDemoCell.h; sourceTree = "<group>"; };
		099792ED1FAA013C00F964E5 /* WyhImageViewDemoCell.m */ = {isa = PBXFileReference; lastKnownFileType = sourcecode.c.objc; path = WyhImageViewDemoCell.m; sourceTree = "<group>"; };
		0997931C1FAA066300F964E5 /* NSData+ImageContentType.h */ = {isa = PBXFileReference; fileEncoding = 4; lastKnownFileType = sourcecode.c.h; path = "NSData+ImageContentType.h"; sourceTree = "<group>"; };
		0997931D1FAA066300F964E5 /* NSData+ImageContentType.m */ = {isa = PBXFileReference; fileEncoding = 4; lastKnownFileType = sourcecode.c.objc; path = "NSData+ImageContentType.m"; sourceTree = "<group>"; };
		0997931E1FAA066300F964E5 /* SDImageCache.h */ = {isa = PBXFileReference; fileEncoding = 4; lastKnownFileType = sourcecode.c.h; path = SDImageCache.h; sourceTree = "<group>"; };
		0997931F1FAA066300F964E5 /* SDImageCache.m */ = {isa = PBXFileReference; fileEncoding = 4; lastKnownFileType = sourcecode.c.objc; path = SDImageCache.m; sourceTree = "<group>"; };
		099793201FAA066300F964E5 /* SDWebImageCompat.h */ = {isa = PBXFileReference; fileEncoding = 4; lastKnownFileType = sourcecode.c.h; path = SDWebImageCompat.h; sourceTree = "<group>"; };
		099793211FAA066300F964E5 /* SDWebImageCompat.m */ = {isa = PBXFileReference; fileEncoding = 4; lastKnownFileType = sourcecode.c.objc; path = SDWebImageCompat.m; sourceTree = "<group>"; };
		099793221FAA066300F964E5 /* SDWebImageDecoder.h */ = {isa = PBXFileReference; fileEncoding = 4; lastKnownFileType = sourcecode.c.h; path = SDWebImageDecoder.h; sourceTree = "<group>"; };
		099793231FAA066300F964E5 /* SDWebImageDecoder.m */ = {isa = PBXFileReference; fileEncoding = 4; lastKnownFileType = sourcecode.c.objc; path = SDWebImageDecoder.m; sourceTree = "<group>"; };
		099793241FAA066300F964E5 /* SDWebImageDownloader.h */ = {isa = PBXFileReference; fileEncoding = 4; lastKnownFileType = sourcecode.c.h; path = SDWebImageDownloader.h; sourceTree = "<group>"; };
		099793251FAA066300F964E5 /* SDWebImageDownloader.m */ = {isa = PBXFileReference; fileEncoding = 4; lastKnownFileType = sourcecode.c.objc; path = SDWebImageDownloader.m; sourceTree = "<group>"; };
		099793261FAA066300F964E5 /* SDWebImageDownloaderOperation.h */ = {isa = PBXFileReference; fileEncoding = 4; lastKnownFileType = sourcecode.c.h; path = SDWebImageDownloaderOperation.h; sourceTree = "<group>"; };
		099793271FAA066300F964E5 /* SDWebImageDownloaderOperation.m */ = {isa = PBXFileReference; fileEncoding = 4; lastKnownFileType = sourcecode.c.objc; path = SDWebImageDownloaderOperation.m; sourceTree = "<group>"; };
		099793281FAA066300F964E5 /* SDWebImageManager.h */ = {isa = PBXFileReference; fileEncoding = 4; lastKnownFileType = sourcecode.c.h; path = SDWebImageManager.h; sourceTree = "<group>"; };
		099793291FAA066300F964E5 /* SDWebImageManager.m */ = {isa = PBXFileReference; fileEncoding = 4; lastKnownFileType = sourcecode.c.objc; path = SDWebImageManager.m; sourceTree = "<group>"; };
		0997932A1FAA066300F964E5 /* SDWebImageOperation.h */ = {isa = PBXFileReference; fileEncoding = 4; lastKnownFileType = sourcecode.c.h; path = SDWebImageOperation.h; sourceTree = "<group>"; };
		0997932B1FAA066300F964E5 /* SDWebImagePrefetcher.h */ = {isa = PBXFileReference; fileEncoding = 4; lastKnownFileType = sourcecode.c.h; path = SDWebImagePrefetcher.h; sourceTree = "<group>"; };
		0997932C1FAA066300F964E5 /* SDWebImagePrefetcher.m */ = {isa = PBXFileReference; fileEncoding = 4; lastKnownFileType = sourcecode.c.objc; path = SDWebImagePrefetcher.m; sourceTree = "<group>"; };
		0997932D1FAA066300F964E5 /* UIButton+WebCache.h */ = {isa = PBXFileReference; fileEncoding = 4; lastKnownFileType = sourcecode.c.h; path = "UIButton+WebCache.h"; sourceTree = "<group>"; };
		0997932E1FAA066300F964E5 /* UIButton+WebCache.m */ = {isa = PBXFileReference; fileEncoding = 4; lastKnownFileType = sourcecode.c.objc; path = "UIButton+WebCache.m"; sourceTree = "<group>"; };
		0997932F1FAA066300F964E5 /* UIImage+GIF.h */ = {isa = PBXFileReference; fileEncoding = 4; lastKnownFileType = sourcecode.c.h; path = "UIImage+GIF.h"; sourceTree = "<group>"; };
		099793301FAA066300F964E5 /* UIImage+GIF.m */ = {isa = PBXFileReference; fileEncoding = 4; lastKnownFileType = sourcecode.c.objc; path = "UIImage+GIF.m"; sourceTree = "<group>"; };
		099793311FAA066300F964E5 /* UIImage+MultiFormat.h */ = {isa = PBXFileReference; fileEncoding = 4; lastKnownFileType = sourcecode.c.h; path = "UIImage+MultiFormat.h"; sourceTree = "<group>"; };
		099793321FAA066300F964E5 /* UIImage+MultiFormat.m */ = {isa = PBXFileReference; fileEncoding = 4; lastKnownFileType = sourcecode.c.objc; path = "UIImage+MultiFormat.m"; sourceTree = "<group>"; };
		099793331FAA066300F964E5 /* UIImageView+HighlightedWebCache.h */ = {isa = PBXFileReference; fileEncoding = 4; lastKnownFileType = sourcecode.c.h; path = "UIImageView+HighlightedWebCache.h"; sourceTree = "<group>"; };
		099793341FAA066300F964E5 /* UIImageView+HighlightedWebCache.m */ = {isa = PBXFileReference; fileEncoding = 4; lastKnownFileType = sourcecode.c.objc; path = "UIImageView+HighlightedWebCache.m"; sourceTree = "<group>"; };
		099793351FAA066300F964E5 /* UIImageView+WebCache.h */ = {isa = PBXFileReference; fileEncoding = 4; lastKnownFileType = sourcecode.c.h; path = "UIImageView+WebCache.h"; sourceTree = "<group>"; };
		099793361FAA066300F964E5 /* UIImageView+WebCache.m */ = {isa = PBXFileReference; fileEncoding = 4; lastKnownFileType = sourcecode.c.objc; path = "UIImageView+WebCache.m"; sourceTree = "<group>"; };
		099793371FAA066300F964E5 /* UIView+WebCacheOperation.h */ = {isa = PBXFileReference; fileEncoding = 4; lastKnownFileType = sourcecode.c.h; path = "UIView+WebCacheOperation.h"; sourceTree = "<group>"; };
		099793381FAA066300F964E5 /* UIView+WebCacheOperation.m */ = {isa = PBXFileReference; fileEncoding = 4; lastKnownFileType = sourcecode.c.objc; path = "UIView+WebCacheOperation.m"; sourceTree = "<group>"; };
		09F1264F1FA9970400EA82F7 /* WyhDemoBaseCell.h */ = {isa = PBXFileReference; lastKnownFileType = sourcecode.c.h; path = WyhDemoBaseCell.h; sourceTree = "<group>"; };
		09F126501FA9970400EA82F7 /* WyhDemoBaseCell.m */ = {isa = PBXFileReference; lastKnownFileType = sourcecode.c.objc; path = WyhDemoBaseCell.m; sourceTree = "<group>"; };
/* End PBXFileReference section */

/* Begin PBXFrameworksBuildPhase section */
		096B16571FA8CD6F00CCE6F3 /* Frameworks */ = {
			isa = PBXFrameworksBuildPhase;
			buildActionMask = 2147483647;
			files = (
			);
			runOnlyForDeploymentPostprocessing = 0;
		};
		096B166F1FA8CD6F00CCE6F3 /* Frameworks */ = {
			isa = PBXFrameworksBuildPhase;
			buildActionMask = 2147483647;
			files = (
			);
			runOnlyForDeploymentPostprocessing = 0;
		};
		096B167A1FA8CD6F00CCE6F3 /* Frameworks */ = {
			isa = PBXFrameworksBuildPhase;
			buildActionMask = 2147483647;
			files = (
			);
			runOnlyForDeploymentPostprocessing = 0;
		};
/* End PBXFrameworksBuildPhase section */

/* Begin PBXGroup section */
		096B16511FA8CD6F00CCE6F3 = {
			isa = PBXGroup;
			children = (
				096B165C1FA8CD6F00CCE6F3 /* WyhCornerRadius */,
				096B16751FA8CD6F00CCE6F3 /* WyhCornerRadiusTests */,
				096B16801FA8CD6F00CCE6F3 /* WyhCornerRadiusUITests */,
				096B165B1FA8CD6F00CCE6F3 /* Products */,
			);
			sourceTree = "<group>";
		};
		096B165B1FA8CD6F00CCE6F3 /* Products */ = {
			isa = PBXGroup;
			children = (
				096B165A1FA8CD6F00CCE6F3 /* WyhCornerRadius.app */,
				096B16721FA8CD6F00CCE6F3 /* WyhCornerRadiusTests.xctest */,
				096B167D1FA8CD6F00CCE6F3 /* WyhCornerRadiusUITests.xctest */,
			);
			name = Products;
			sourceTree = "<group>";
		};
		096B165C1FA8CD6F00CCE6F3 /* WyhCornerRadius */ = {
			isa = PBXGroup;
			children = (
				096B165D1FA8CD6F00CCE6F3 /* AppDelegate.h */,
				096B165E1FA8CD6F00CCE6F3 /* AppDelegate.m */,
				096B16601FA8CD6F00CCE6F3 /* ViewController.h */,
				096B16611FA8CD6F00CCE6F3 /* ViewController.m */,
				09F1264F1FA9970400EA82F7 /* WyhDemoBaseCell.h */,
				09F126501FA9970400EA82F7 /* WyhDemoBaseCell.m */,
				099792DE1FA9FD7B00F964E5 /* WyhDemoListVC */,
				096B168F1FA8CDA600CCE6F3 /* WyhCornerRadius */,
				0997931B1FAA066300F964E5 /* SDWebImage */,
				096B16631FA8CD6F00CCE6F3 /* Main.storyboard */,
				096B16661FA8CD6F00CCE6F3 /* Assets.xcassets */,
				096B16681FA8CD6F00CCE6F3 /* LaunchScreen.storyboard */,
				096B166B1FA8CD6F00CCE6F3 /* Info.plist */,
				096B166C1FA8CD6F00CCE6F3 /* main.m */,
			);
			path = WyhCornerRadius;
			sourceTree = "<group>";
		};
		096B16751FA8CD6F00CCE6F3 /* WyhCornerRadiusTests */ = {
			isa = PBXGroup;
			children = (
				096B16761FA8CD6F00CCE6F3 /* WyhCornerRadiusTests.m */,
				096B16781FA8CD6F00CCE6F3 /* Info.plist */,
			);
			path = WyhCornerRadiusTests;
			sourceTree = "<group>";
		};
		096B16801FA8CD6F00CCE6F3 /* WyhCornerRadiusUITests */ = {
			isa = PBXGroup;
			children = (
				096B16811FA8CD6F00CCE6F3 /* WyhCornerRadiusUITests.m */,
				096B16831FA8CD6F00CCE6F3 /* Info.plist */,
			);
			path = WyhCornerRadiusUITests;
			sourceTree = "<group>";
		};
		096B168F1FA8CDA600CCE6F3 /* WyhCornerRadius */ = {
			isa = PBXGroup;
			children = (
				096B16901FA8CDA600CCE6F3 /* UIImage+wyhRadius.h */,
				096B16911FA8CDA600CCE6F3 /* UIImage+wyhRadius.m */,
				096B16921FA8CDA600CCE6F3 /* UIImageView+wyhRadius.h */,
				096B16931FA8CDA600CCE6F3 /* UIImageView+wyhRadius.m */,
				096B16941FA8CDA600CCE6F3 /* UIView+wyhRadius.h */,
				096B16951FA8CDA600CCE6F3 /* UIView+wyhRadius.m */,
				096B16961FA8CDA600CCE6F3 /* wyhRadiusConst.h */,
				096B16971FA8CDA600CCE6F3 /* wyhCornerRadius.h */,
			);
			path = WyhCornerRadius;
			sourceTree = "<group>";
		};
		099792DE1FA9FD7B00F964E5 /* WyhDemoListVC */ = {
			isa = PBXGroup;
			children = (
				099792DF1FA9FDA600F964E5 /* WyhDemoBaseVC.h */,
				099792E01FA9FDA600F964E5 /* WyhDemoBaseVC.m */,
				0992AFAF1FACAF5300D9042F /* WyhDemoListVC.h */,
				0992AFB01FACAF5300D9042F /* WyhDemoListVC.m */,
				099792E51FAA011500F964E5 /* WyhImageViewDemo */,
			);
			path = WyhDemoListVC;
			sourceTree = "<group>";
		};
		099792E51FAA011500F964E5 /* WyhImageViewDemo */ = {
			isa = PBXGroup;
			children = (
				099792E61FAA011500F964E5 /* WyhImageViewDemoVC.h */,
				099792E71FAA011500F964E5 /* WyhImageViewDemoVC.m */,
				099792EC1FAA013C00F964E5 /* WyhImageViewDemoCell.h */,
				099792ED1FAA013C00F964E5 /* WyhImageViewDemoCell.m */,
			);
			path = WyhImageViewDemo;
			sourceTree = "<group>";
		};
		0997931B1FAA066300F964E5 /* SDWebImage */ = {
			isa = PBXGroup;
			children = (
				0997931C1FAA066300F964E5 /* NSData+ImageContentType.h */,
				0997931D1FAA066300F964E5 /* NSData+ImageContentType.m */,
				0997931E1FAA066300F964E5 /* SDImageCache.h */,
				0997931F1FAA066300F964E5 /* SDImageCache.m */,
				099793201FAA066300F964E5 /* SDWebImageCompat.h */,
				099793211FAA066300F964E5 /* SDWebImageCompat.m */,
				099793221FAA066300F964E5 /* SDWebImageDecoder.h */,
				099793231FAA066300F964E5 /* SDWebImageDecoder.m */,
				099793241FAA066300F964E5 /* SDWebImageDownloader.h */,
				099793251FAA066300F964E5 /* SDWebImageDownloader.m */,
				099793261FAA066300F964E5 /* SDWebImageDownloaderOperation.h */,
				099793271FAA066300F964E5 /* SDWebImageDownloaderOperation.m */,
				099793281FAA066300F964E5 /* SDWebImageManager.h */,
				099793291FAA066300F964E5 /* SDWebImageManager.m */,
				0997932A1FAA066300F964E5 /* SDWebImageOperation.h */,
				0997932B1FAA066300F964E5 /* SDWebImagePrefetcher.h */,
				0997932C1FAA066300F964E5 /* SDWebImagePrefetcher.m */,
				0997932D1FAA066300F964E5 /* UIButton+WebCache.h */,
				0997932E1FAA066300F964E5 /* UIButton+WebCache.m */,
				0997932F1FAA066300F964E5 /* UIImage+GIF.h */,
				099793301FAA066300F964E5 /* UIImage+GIF.m */,
				099793311FAA066300F964E5 /* UIImage+MultiFormat.h */,
				099793321FAA066300F964E5 /* UIImage+MultiFormat.m */,
				099793331FAA066300F964E5 /* UIImageView+HighlightedWebCache.h */,
				099793341FAA066300F964E5 /* UIImageView+HighlightedWebCache.m */,
				099793351FAA066300F964E5 /* UIImageView+WebCache.h */,
				099793361FAA066300F964E5 /* UIImageView+WebCache.m */,
				099793371FAA066300F964E5 /* UIView+WebCacheOperation.h */,
				099793381FAA066300F964E5 /* UIView+WebCacheOperation.m */,
			);
			path = SDWebImage;
			sourceTree = "<group>";
		};
/* End PBXGroup section */

/* Begin PBXNativeTarget section */
		096B16591FA8CD6F00CCE6F3 /* WyhCornerRadius */ = {
			isa = PBXNativeTarget;
			buildConfigurationList = 096B16861FA8CD6F00CCE6F3 /* Build configuration list for PBXNativeTarget "WyhCornerRadius" */;
			buildPhases = (
				096B16561FA8CD6F00CCE6F3 /* Sources */,
				096B16571FA8CD6F00CCE6F3 /* Frameworks */,
				096B16581FA8CD6F00CCE6F3 /* Resources */,
			);
			buildRules = (
			);
			dependencies = (
			);
			name = WyhCornerRadius;
			productName = WyhCornerRadius;
			productReference = 096B165A1FA8CD6F00CCE6F3 /* WyhCornerRadius.app */;
			productType = "com.apple.product-type.application";
		};
		096B16711FA8CD6F00CCE6F3 /* WyhCornerRadiusTests */ = {
			isa = PBXNativeTarget;
			buildConfigurationList = 096B16891FA8CD6F00CCE6F3 /* Build configuration list for PBXNativeTarget "WyhCornerRadiusTests" */;
			buildPhases = (
				096B166E1FA8CD6F00CCE6F3 /* Sources */,
				096B166F1FA8CD6F00CCE6F3 /* Frameworks */,
				096B16701FA8CD6F00CCE6F3 /* Resources */,
			);
			buildRules = (
			);
			dependencies = (
				096B16741FA8CD6F00CCE6F3 /* PBXTargetDependency */,
			);
			name = WyhCornerRadiusTests;
			productName = WyhCornerRadiusTests;
			productReference = 096B16721FA8CD6F00CCE6F3 /* WyhCornerRadiusTests.xctest */;
			productType = "com.apple.product-type.bundle.unit-test";
		};
		096B167C1FA8CD6F00CCE6F3 /* WyhCornerRadiusUITests */ = {
			isa = PBXNativeTarget;
			buildConfigurationList = 096B168C1FA8CD6F00CCE6F3 /* Build configuration list for PBXNativeTarget "WyhCornerRadiusUITests" */;
			buildPhases = (
				096B16791FA8CD6F00CCE6F3 /* Sources */,
				096B167A1FA8CD6F00CCE6F3 /* Frameworks */,
				096B167B1FA8CD6F00CCE6F3 /* Resources */,
			);
			buildRules = (
			);
			dependencies = (
				096B167F1FA8CD6F00CCE6F3 /* PBXTargetDependency */,
			);
			name = WyhCornerRadiusUITests;
			productName = WyhCornerRadiusUITests;
			productReference = 096B167D1FA8CD6F00CCE6F3 /* WyhCornerRadiusUITests.xctest */;
			productType = "com.apple.product-type.bundle.ui-testing";
		};
/* End PBXNativeTarget section */

/* Begin PBXProject section */
		096B16521FA8CD6F00CCE6F3 /* Project object */ = {
			isa = PBXProject;
			attributes = {
				LastUpgradeCheck = 0900;
				ORGANIZATIONNAME = wyh;
				TargetAttributes = {
					096B16591FA8CD6F00CCE6F3 = {
						CreatedOnToolsVersion = 9.0;
						ProvisioningStyle = Automatic;
					};
					096B16711FA8CD6F00CCE6F3 = {
						CreatedOnToolsVersion = 9.0;
						ProvisioningStyle = Automatic;
						TestTargetID = 096B16591FA8CD6F00CCE6F3;
					};
					096B167C1FA8CD6F00CCE6F3 = {
						CreatedOnToolsVersion = 9.0;
						ProvisioningStyle = Automatic;
						TestTargetID = 096B16591FA8CD6F00CCE6F3;
					};
				};
			};
			buildConfigurationList = 096B16551FA8CD6F00CCE6F3 /* Build configuration list for PBXProject "WyhCornerRadius" */;
			compatibilityVersion = "Xcode 8.0";
			developmentRegion = en;
			hasScannedForEncodings = 0;
			knownRegions = (
				en,
				Base,
			);
			mainGroup = 096B16511FA8CD6F00CCE6F3;
			productRefGroup = 096B165B1FA8CD6F00CCE6F3 /* Products */;
			projectDirPath = "";
			projectRoot = "";
			targets = (
				096B16591FA8CD6F00CCE6F3 /* WyhCornerRadius */,
				096B16711FA8CD6F00CCE6F3 /* WyhCornerRadiusTests */,
				096B167C1FA8CD6F00CCE6F3 /* WyhCornerRadiusUITests */,
			);
		};
/* End PBXProject section */

/* Begin PBXResourcesBuildPhase section */
		096B16581FA8CD6F00CCE6F3 /* Resources */ = {
			isa = PBXResourcesBuildPhase;
			buildActionMask = 2147483647;
			files = (
				096B166A1FA8CD6F00CCE6F3 /* LaunchScreen.storyboard in Resources */,
				096B16671FA8CD6F00CCE6F3 /* Assets.xcassets in Resources */,
				096B16651FA8CD6F00CCE6F3 /* Main.storyboard in Resources */,
			);
			runOnlyForDeploymentPostprocessing = 0;
		};
		096B16701FA8CD6F00CCE6F3 /* Resources */ = {
			isa = PBXResourcesBuildPhase;
			buildActionMask = 2147483647;
			files = (
			);
			runOnlyForDeploymentPostprocessing = 0;
		};
		096B167B1FA8CD6F00CCE6F3 /* Resources */ = {
			isa = PBXResourcesBuildPhase;
			buildActionMask = 2147483647;
			files = (
			);
			runOnlyForDeploymentPostprocessing = 0;
		};
/* End PBXResourcesBuildPhase section */

/* Begin PBXSourcesBuildPhase section */
		096B16561FA8CD6F00CCE6F3 /* Sources */ = {
			isa = PBXSourcesBuildPhase;
			buildActionMask = 2147483647;
			files = (
				0997933C1FAA066300F964E5 /* SDWebImageDecoder.m in Sources */,
				096B16621FA8CD6F00CCE6F3 /* ViewController.m in Sources */,
				0997933E1FAA066300F964E5 /* SDWebImageDownloaderOperation.m in Sources */,
				0997933F1FAA066300F964E5 /* SDWebImageManager.m in Sources */,
				099793461FAA066300F964E5 /* UIView+WebCacheOperation.m in Sources */,
				099792E81FAA011500F964E5 /* WyhImageViewDemoVC.m in Sources */,
				09F126511FA9970400EA82F7 /* WyhDemoBaseCell.m in Sources */,
				099793441FAA066300F964E5 /* UIImageView+HighlightedWebCache.m in Sources */,
				0997933D1FAA066300F964E5 /* SDWebImageDownloader.m in Sources */,
				096B166D1FA8CD6F00CCE6F3 /* main.m in Sources */,
				0992AFB11FACAF5300D9042F /* WyhDemoListVC.m in Sources */,
				0997933B1FAA066300F964E5 /* SDWebImageCompat.m in Sources */,
				099793401FAA066300F964E5 /* SDWebImagePrefetcher.m in Sources */,
				099793431FAA066300F964E5 /* UIImage+MultiFormat.m in Sources */,
				099792E11FA9FDA600F964E5 /* WyhDemoBaseVC.m in Sources */,
				096B16991FA8CDA600CCE6F3 /* UIImageView+wyhRadius.m in Sources */,
				099793411FAA066300F964E5 /* UIButton+WebCache.m in Sources */,
				096B16981FA8CDA600CCE6F3 /* UIImage+wyhRadius.m in Sources */,
				0997933A1FAA066300F964E5 /* SDImageCache.m in Sources */,
				099792EE1FAA013C00F964E5 /* WyhImageViewDemoCell.m in Sources */,
				096B165F1FA8CD6F00CCE6F3 /* AppDelegate.m in Sources */,
				096B169A1FA8CDA600CCE6F3 /* UIView+wyhRadius.m in Sources */,
				099793421FAA066300F964E5 /* UIImage+GIF.m in Sources */,
				099793451FAA066300F964E5 /* UIImageView+WebCache.m in Sources */,
				099793391FAA066300F964E5 /* NSData+ImageContentType.m in Sources */,
			);
			runOnlyForDeploymentPostprocessing = 0;
		};
		096B166E1FA8CD6F00CCE6F3 /* Sources */ = {
			isa = PBXSourcesBuildPhase;
			buildActionMask = 2147483647;
			files = (
				096B16771FA8CD6F00CCE6F3 /* WyhCornerRadiusTests.m in Sources */,
			);
			runOnlyForDeploymentPostprocessing = 0;
		};
		096B16791FA8CD6F00CCE6F3 /* Sources */ = {
			isa = PBXSourcesBuildPhase;
			buildActionMask = 2147483647;
			files = (
				096B16821FA8CD6F00CCE6F3 /* WyhCornerRadiusUITests.m in Sources */,
			);
			runOnlyForDeploymentPostprocessing = 0;
		};
/* End PBXSourcesBuildPhase section */

/* Begin PBXTargetDependency section */
		096B16741FA8CD6F00CCE6F3 /* PBXTargetDependency */ = {
			isa = PBXTargetDependency;
			target = 096B16591FA8CD6F00CCE6F3 /* WyhCornerRadius */;
			targetProxy = 096B16731FA8CD6F00CCE6F3 /* PBXContainerItemProxy */;
		};
		096B167F1FA8CD6F00CCE6F3 /* PBXTargetDependency */ = {
			isa = PBXTargetDependency;
			target = 096B16591FA8CD6F00CCE6F3 /* WyhCornerRadius */;
			targetProxy = 096B167E1FA8CD6F00CCE6F3 /* PBXContainerItemProxy */;
		};
/* End PBXTargetDependency section */

/* Begin PBXVariantGroup section */
		096B16631FA8CD6F00CCE6F3 /* Main.storyboard */ = {
			isa = PBXVariantGroup;
			children = (
				096B16641FA8CD6F00CCE6F3 /* Base */,
			);
			name = Main.storyboard;
			sourceTree = "<group>";
		};
		096B16681FA8CD6F00CCE6F3 /* LaunchScreen.storyboard */ = {
			isa = PBXVariantGroup;
			children = (
				096B16691FA8CD6F00CCE6F3 /* Base */,
			);
			name = LaunchScreen.storyboard;
			sourceTree = "<group>";
		};
/* End PBXVariantGroup section */

/* Begin XCBuildConfiguration section */
		096B16841FA8CD6F00CCE6F3 /* Debug */ = {
			isa = XCBuildConfiguration;
			buildSettings = {
				ALWAYS_SEARCH_USER_PATHS = NO;
				CLANG_ANALYZER_NONNULL = YES;
				CLANG_ANALYZER_NUMBER_OBJECT_CONVERSION = YES_AGGRESSIVE;
				CLANG_CXX_LANGUAGE_STANDARD = "gnu++14";
				CLANG_CXX_LIBRARY = "libc++";
				CLANG_ENABLE_MODULES = YES;
				CLANG_ENABLE_OBJC_ARC = YES;
				CLANG_WARN_BLOCK_CAPTURE_AUTORELEASING = YES;
				CLANG_WARN_BOOL_CONVERSION = YES;
				CLANG_WARN_COMMA = YES;
				CLANG_WARN_CONSTANT_CONVERSION = YES;
				CLANG_WARN_DIRECT_OBJC_ISA_USAGE = YES_ERROR;
				CLANG_WARN_DOCUMENTATION_COMMENTS = YES;
				CLANG_WARN_EMPTY_BODY = YES;
				CLANG_WARN_ENUM_CONVERSION = YES;
				CLANG_WARN_INFINITE_RECURSION = YES;
				CLANG_WARN_INT_CONVERSION = YES;
				CLANG_WARN_NON_LITERAL_NULL_CONVERSION = YES;
				CLANG_WARN_OBJC_LITERAL_CONVERSION = YES;
				CLANG_WARN_OBJC_ROOT_CLASS = YES_ERROR;
				CLANG_WARN_RANGE_LOOP_ANALYSIS = YES;
				CLANG_WARN_STRICT_PROTOTYPES = YES;
				CLANG_WARN_SUSPICIOUS_MOVE = YES;
				CLANG_WARN_UNGUARDED_AVAILABILITY = YES_AGGRESSIVE;
				CLANG_WARN_UNREACHABLE_CODE = YES;
				CLANG_WARN__DUPLICATE_METHOD_MATCH = YES;
				CODE_SIGN_IDENTITY = "iPhone Developer";
				COPY_PHASE_STRIP = NO;
				DEBUG_INFORMATION_FORMAT = dwarf;
				ENABLE_STRICT_OBJC_MSGSEND = YES;
				ENABLE_TESTABILITY = YES;
				GCC_C_LANGUAGE_STANDARD = gnu11;
				GCC_DYNAMIC_NO_PIC = NO;
				GCC_NO_COMMON_BLOCKS = YES;
				GCC_OPTIMIZATION_LEVEL = 0;
				GCC_PREPROCESSOR_DEFINITIONS = (
					"DEBUG=1",
					"$(inherited)",
				);
				GCC_WARN_64_TO_32_BIT_CONVERSION = YES;
				GCC_WARN_ABOUT_RETURN_TYPE = YES_ERROR;
				GCC_WARN_UNDECLARED_SELECTOR = YES;
				GCC_WARN_UNINITIALIZED_AUTOS = YES_AGGRESSIVE;
				GCC_WARN_UNUSED_FUNCTION = YES;
				GCC_WARN_UNUSED_VARIABLE = YES;
				IPHONEOS_DEPLOYMENT_TARGET = 11.0;
				MTL_ENABLE_DEBUG_INFO = YES;
				ONLY_ACTIVE_ARCH = YES;
				SDKROOT = iphoneos;
			};
			name = Debug;
		};
		096B16851FA8CD6F00CCE6F3 /* Release */ = {
			isa = XCBuildConfiguration;
			buildSettings = {
				ALWAYS_SEARCH_USER_PATHS = NO;
				CLANG_ANALYZER_NONNULL = YES;
				CLANG_ANALYZER_NUMBER_OBJECT_CONVERSION = YES_AGGRESSIVE;
				CLANG_CXX_LANGUAGE_STANDARD = "gnu++14";
				CLANG_CXX_LIBRARY = "libc++";
				CLANG_ENABLE_MODULES = YES;
				CLANG_ENABLE_OBJC_ARC = YES;
				CLANG_WARN_BLOCK_CAPTURE_AUTORELEASING = YES;
				CLANG_WARN_BOOL_CONVERSION = YES;
				CLANG_WARN_COMMA = YES;
				CLANG_WARN_CONSTANT_CONVERSION = YES;
				CLANG_WARN_DIRECT_OBJC_ISA_USAGE = YES_ERROR;
				CLANG_WARN_DOCUMENTATION_COMMENTS = YES;
				CLANG_WARN_EMPTY_BODY = YES;
				CLANG_WARN_ENUM_CONVERSION = YES;
				CLANG_WARN_INFINITE_RECURSION = YES;
				CLANG_WARN_INT_CONVERSION = YES;
				CLANG_WARN_NON_LITERAL_NULL_CONVERSION = YES;
				CLANG_WARN_OBJC_LITERAL_CONVERSION = YES;
				CLANG_WARN_OBJC_ROOT_CLASS = YES_ERROR;
				CLANG_WARN_RANGE_LOOP_ANALYSIS = YES;
				CLANG_WARN_STRICT_PROTOTYPES = YES;
				CLANG_WARN_SUSPICIOUS_MOVE = YES;
				CLANG_WARN_UNGUARDED_AVAILABILITY = YES_AGGRESSIVE;
				CLANG_WARN_UNREACHABLE_CODE = YES;
				CLANG_WARN__DUPLICATE_METHOD_MATCH = YES;
				CODE_SIGN_IDENTITY = "iPhone Developer";
				COPY_PHASE_STRIP = NO;
				DEBUG_INFORMATION_FORMAT = "dwarf-with-dsym";
				ENABLE_NS_ASSERTIONS = NO;
				ENABLE_STRICT_OBJC_MSGSEND = YES;
				GCC_C_LANGUAGE_STANDARD = gnu11;
				GCC_NO_COMMON_BLOCKS = YES;
				GCC_WARN_64_TO_32_BIT_CONVERSION = YES;
				GCC_WARN_ABOUT_RETURN_TYPE = YES_ERROR;
				GCC_WARN_UNDECLARED_SELECTOR = YES;
				GCC_WARN_UNINITIALIZED_AUTOS = YES_AGGRESSIVE;
				GCC_WARN_UNUSED_FUNCTION = YES;
				GCC_WARN_UNUSED_VARIABLE = YES;
				IPHONEOS_DEPLOYMENT_TARGET = 11.0;
				MTL_ENABLE_DEBUG_INFO = NO;
				SDKROOT = iphoneos;
				VALIDATE_PRODUCT = YES;
			};
			name = Release;
		};
		096B16871FA8CD6F00CCE6F3 /* Debug */ = {
			isa = XCBuildConfiguration;
			buildSettings = {
				ASSETCATALOG_COMPILER_APPICON_NAME = AppIcon;
				CODE_SIGN_STYLE = Automatic;
				DEVELOPMENT_TEAM = BMUQH3K6HK;
				INFOPLIST_FILE = WyhCornerRadius/Info.plist;
				IPHONEOS_DEPLOYMENT_TARGET = 9.0;
				LD_RUNPATH_SEARCH_PATHS = "$(inherited) @executable_path/Frameworks";
				PRODUCT_BUNDLE_IDENTIFIER = wyh.WyhCornerRadius;
				PRODUCT_NAME = "$(TARGET_NAME)";
				TARGETED_DEVICE_FAMILY = "1,2";
			};
			name = Debug;
		};
		096B16881FA8CD6F00CCE6F3 /* Release */ = {
			isa = XCBuildConfiguration;
			buildSettings = {
				ASSETCATALOG_COMPILER_APPICON_NAME = AppIcon;
				CODE_SIGN_STYLE = Automatic;
				DEVELOPMENT_TEAM = BMUQH3K6HK;
				INFOPLIST_FILE = WyhCornerRadius/Info.plist;
				IPHONEOS_DEPLOYMENT_TARGET = 9.0;
				LD_RUNPATH_SEARCH_PATHS = "$(inherited) @executable_path/Frameworks";
				PRODUCT_BUNDLE_IDENTIFIER = wyh.WyhCornerRadius;
				PRODUCT_NAME = "$(TARGET_NAME)";
				TARGETED_DEVICE_FAMILY = "1,2";
			};
			name = Release;
		};
		096B168A1FA8CD6F00CCE6F3 /* Debug */ = {
			isa = XCBuildConfiguration;
			buildSettings = {
				BUNDLE_LOADER = "$(TEST_HOST)";
				CODE_SIGN_STYLE = Automatic;
				DEVELOPMENT_TEAM = FUAH8HMK9E;
				INFOPLIST_FILE = WyhCornerRadiusTests/Info.plist;
				LD_RUNPATH_SEARCH_PATHS = "$(inherited) @executable_path/Frameworks @loader_path/Frameworks";
				PRODUCT_BUNDLE_IDENTIFIER = wyh.WyhCornerRadiusTests;
				PRODUCT_NAME = "$(TARGET_NAME)";
				TARGETED_DEVICE_FAMILY = "1,2";
				TEST_HOST = "$(BUILT_PRODUCTS_DIR)/WyhCornerRadius.app/WyhCornerRadius";
			};
			name = Debug;
		};
		096B168B1FA8CD6F00CCE6F3 /* Release */ = {
			isa = XCBuildConfiguration;
			buildSettings = {
				BUNDLE_LOADER = "$(TEST_HOST)";
				CODE_SIGN_STYLE = Automatic;
				DEVELOPMENT_TEAM = FUAH8HMK9E;
				INFOPLIST_FILE = WyhCornerRadiusTests/Info.plist;
				LD_RUNPATH_SEARCH_PATHS = "$(inherited) @executable_path/Frameworks @loader_path/Frameworks";
				PRODUCT_BUNDLE_IDENTIFIER = wyh.WyhCornerRadiusTests;
				PRODUCT_NAME = "$(TARGET_NAME)";
				TARGETED_DEVICE_FAMILY = "1,2";
				TEST_HOST = "$(BUILT_PRODUCTS_DIR)/WyhCornerRadius.app/WyhCornerRadius";
			};
			name = Release;
		};
		096B168D1FA8CD6F00CCE6F3 /* Debug */ = {
			isa = XCBuildConfiguration;
			buildSettings = {
				CODE_SIGN_STYLE = Automatic;
				DEVELOPMENT_TEAM = FUAH8HMK9E;
				INFOPLIST_FILE = WyhCornerRadiusUITests/Info.plist;
				LD_RUNPATH_SEARCH_PATHS = "$(inherited) @executable_path/Frameworks @loader_path/Frameworks";
				PRODUCT_BUNDLE_IDENTIFIER = wyh.WyhCornerRadiusUITests;
				PRODUCT_NAME = "$(TARGET_NAME)";
				TARGETED_DEVICE_FAMILY = "1,2";
				TEST_TARGET_NAME = WyhCornerRadius;
			};
			name = Debug;
		};
		096B168E1FA8CD6F00CCE6F3 /* Release */ = {
			isa = XCBuildConfiguration;
			buildSettings = {
				CODE_SIGN_STYLE = Automatic;
				DEVELOPMENT_TEAM = FUAH8HMK9E;
				INFOPLIST_FILE = WyhCornerRadiusUITests/Info.plist;
				LD_RUNPATH_SEARCH_PATHS = "$(inherited) @executable_path/Frameworks @loader_path/Frameworks";
				PRODUCT_BUNDLE_IDENTIFIER = wyh.WyhCornerRadiusUITests;
				PRODUCT_NAME = "$(TARGET_NAME)";
				TARGETED_DEVICE_FAMILY = "1,2";
				TEST_TARGET_NAME = WyhCornerRadius;
			};
			name = Release;
		};
/* End XCBuildConfiguration section */

/* Begin XCConfigurationList section */
		096B16551FA8CD6F00CCE6F3 /* Build configuration list for PBXProject "WyhCornerRadius" */ = {
			isa = XCConfigurationList;
			buildConfigurations = (
				096B16841FA8CD6F00CCE6F3 /* Debug */,
				096B16851FA8CD6F00CCE6F3 /* Release */,
			);
			defaultConfigurationIsVisible = 0;
			defaultConfigurationName = Release;
		};
		096B16861FA8CD6F00CCE6F3 /* Build configuration list for PBXNativeTarget "WyhCornerRadius" */ = {
			isa = XCConfigurationList;
			buildConfigurations = (
				096B16871FA8CD6F00CCE6F3 /* Debug */,
				096B16881FA8CD6F00CCE6F3 /* Release */,
			);
			defaultConfigurationIsVisible = 0;
			defaultConfigurationName = Release;
		};
		096B16891FA8CD6F00CCE6F3 /* Build configuration list for PBXNativeTarget "WyhCornerRadiusTests" */ = {
			isa = XCConfigurationList;
			buildConfigurations = (
				096B168A1FA8CD6F00CCE6F3 /* Debug */,
				096B168B1FA8CD6F00CCE6F3 /* Release */,
			);
			defaultConfigurationIsVisible = 0;
			defaultConfigurationName = Release;
		};
		096B168C1FA8CD6F00CCE6F3 /* Build configuration list for PBXNativeTarget "WyhCornerRadiusUITests" */ = {
			isa = XCConfigurationList;
			buildConfigurations = (
				096B168D1FA8CD6F00CCE6F3 /* Debug */,
				096B168E1FA8CD6F00CCE6F3 /* Release */,
			);
			defaultConfigurationIsVisible = 0;
			defaultConfigurationName = Release;
		};
/* End XCConfigurationList section */
	};
	rootObject = 096B16521FA8CD6F00CCE6F3 /* Project object */;
}
